
Microsoft Visual Studio Solution File, Format Version 12.00
# Visual Studio Version 17
VisualStudioVersion = 17.1.32407.343
MinimumVisualStudioVersion = 10.0.40219.1
Project("{F184B08F-C81C-45F6-A57F-5ABD9991F28F}") = "WpfTest1", "WpfTest1\WpfTest1.vbproj", "{9B7B60CF-2C0D-478C-8FA2-AC4EB5450036}"
EndProject
Global
	GlobalSection(SolutionConfigurationPlatforms) = preSolution
		Debug|Any CPU = Debug|Any CPU
		Release|Any CPU = Release|Any CPU
	EndGlobalSection
	GlobalSection(ProjectConfigurationPlatforms) = postSolution
		{9B7B60CF-2C0D-478C-8FA2-AC4EB5450036}.Debug|Any CPU.ActiveCfg = Debug|Any CPU
		{9B7B60CF-2C0D-478C-8FA2-AC4EB5450036}.Debug|Any CPU.Build.0 = Debug|Any CPU
		{9B7B60CF-2C0D-478C-8FA2-AC4EB5450036}.Release|Any CPU.ActiveCfg = Release|Any CPU
		{9B7B60CF-2C0D-478C-8FA2-AC4EB5450036}.Release|Any CPU.Build.0 = Release|Any CPU
	EndGlobalSection
	GlobalSection(SolutionProperties) = preSolution
		HideSolutionNode = FALSE
	EndGlobalSection
	GlobalSection(ExtensibilityGlobals) = postSolution
		SolutionGuid = {6F5831D9-1576-4741-B114-580BBA8BEAB7}
	EndGlobalSection
EndGlobal
